
Microsoft Visual Studio Solution File, Format Version 12.00
# Visual Studio 14
VisualStudioVersion = 14.0.25420.1
MinimumVisualStudioVersion = 10.0.40219.1
Project("{8BC9CEB8-8B4A-11D0-8D11-00A0C91BC942}") = "delimit", "delimit.vcxproj", "{39B15880-814A-40D5-B646-4E15BFC24856}"
EndProject
Global
	GlobalSection(SolutionConfigurationPlatforms) = preSolution
		Debug|Win32 = Debug|Win32
		Release|Win32 = Release|Win32
	EndGlobalSection
	GlobalSection(ProjectConfigurationPlatforms) = postSolution
		{39B15880-814A-40D5-B646-4E15BFC24856}.Debug|Win32.ActiveCfg = Debug|Win32
		{39B15880-814A-40D5-B646-4E15BFC24856}.Debug|Win32.Build.0 = Debug|Win32
		{39B15880-814A-40D5-B646-4E15BFC24856}.Release|Win32.ActiveCfg = Release|Win32
		{39B15880-814A-40D5-B646-4E15BFC24856}.Release|Win32.Build.0 = Release|Win32
	EndGlobalSection
	GlobalSection(SolutionProperties) = preSolution
		HideSolutionNode = FALSE
	EndGlobalSection
EndGlobal
