<?xml version="1.0" encoding="utf-8"?>
<Project ToolsVersion="4.0" xmlns="http://schemas.microsoft.com/developer/msbuild/2003">
  <ItemGroup>
    <Filter Include="Source Files">
      <UniqueIdentifier>{4FC737F1-C7A5-4376-A066-2A32D752A2FF}</UniqueIdentifier>
      <Extensions>cpp;c;cc;cxx;def;odl;idl;hpj;bat;asm;asmx</Extensions>
    </Filter>
    <Filter Include="Header Files">
      <UniqueIdentifier>{93995380-89BD-4b04-88EB-625FBE52EBFB}</UniqueIdentifier>
      <Extensions>h;hpp;hxx;hm;inl;inc;xsd</Extensions>
    </Filter>
    <Filter Include="Resource Files">
      <UniqueIdentifier>{67DA6AB6-F800-4c08-8B7A-83BB121AAD01}</UniqueIdentifier>
      <Extensions>rc;ico;cur;bmp;dlg;rc2;rct;bin;rgs;gif;jpg;jpeg;jpe;resx;tiff;tif;png;wav</Extensions>
    </Filter>
    <Filter Include="Code Generation Files">
      <UniqueIdentifier>{00f9707f-a2c7-464e-bd19-1ae759f8e8e1}</UniqueIdentifier>
    </Filter>
    <Filter Include="Documents">
      <UniqueIdentifier>{a590be1c-308f-4d7a-975e-4fad65721976}</UniqueIdentifier>
    </Filter>
  </ItemGroup>
  <ItemGroup>
    <ClInclude Include="..\..\delimit\src\common.h">
      <Filter>Header Files</Filter>
    </ClInclude>
    <ClInclude Include="..\..\delimit\src\dct.h">
      <Filter>Header Files</Filter>
    </ClInclude>
    <ClInclude Include="..\..\delimit\src\delimit.h">
      <Filter>Header Files</Filter>
    </ClInclude>
    <ClInclude Include="..\..\delimit\src\delimiter.h">
      <Filter>Header Files</Filter>
    </ClInclude>
    <ClInclude Include="..\..\delimit\src\fio.h">
      <Filter>Header Files</Filter>
    </ClInclude>
    <ClInclude Include="..\..\delimit\src\interp.h">
      <Filter>Header Files</Filter>
    </ClInclude>
    <ClInclude Include="..\..\delimit\src\options.h">
      <Filter>Header Files</Filter>
    </ClInclude>
    <ClInclude Include="..\..\delimit\src\parse.h">
      <Filter>Header Files</Filter>
    </ClInclude>
    <ClInclude Include="..\..\delimit\src\platform.h">
      <Filter>Header Files</Filter>
    </ClInclude>
    <ClInclude Include="..\..\delimit\src\port.h">
      <Filter>Header Files</Filter>
    </ClInclude>
    <ClInclude Include="..\..\delimit\src\util.h">
      <Filter>Header Files</Filter>
    </ClInclude>
    <ClInclude Include="..\..\delimit\src\version.h">
      <Filter>Header Files</Filter>
    </ClInclude>
  </ItemGroup>
  <ItemGroup>
    <ClCompile Include="..\..\delimit\src\dct.c">
      <Filter>Source Files</Filter>
    </ClCompile>
    <ClCompile Include="..\..\delimit\src\delimit.c">
      <Filter>Source Files</Filter>
    </ClCompile>
    <ClCompile Include="..\..\delimit\src\delimiter.c">
      <Filter>Source Files</Filter>
    </ClCompile>
    <ClCompile Include="..\..\delimit\src\fio.c">
      <Filter>Source Files</Filter>
    </ClCompile>
    <ClCompile Include="..\..\delimit\src\lex.c">
      <Filter>Source Files</Filter>
    </ClCompile>
    <ClCompile Include="..\..\delimit\src\options.c">
      <Filter>Source Files</Filter>
    </ClCompile>
    <ClCompile Include="..\..\delimit\src\parse.c">
      <Filter>Source Files</Filter>
    </ClCompile>
    <ClCompile Include="..\..\delimit\src\port.c">
      <Filter>Source Files</Filter>
    </ClCompile>
    <ClCompile Include="..\..\delimit\src\util.c">
      <Filter>Source Files</Filter>
    </ClCompile>
  </ItemGroup>
  <ItemGroup>
    <Image Include="resource.ico">
      <Filter>Resource Files</Filter>
    </Image>
  </ItemGroup>
  <ItemGroup>
    <ResourceCompile Include="delimit.resource.rc">
      <Filter>Resource Files</Filter>
    </ResourceCompile>
  </ItemGroup>
  <ItemGroup>
    <None Include="..\..\delimit\src\lex.l">
      <Filter>Code Generation Files</Filter>
    </None>
    <None Include="..\..\delimit\src\parse.y">
      <Filter>Code Generation Files</Filter>
    </None>
    <None Include="..\..\delimit\src\delimit.doc">
      <Filter>Documents</Filter>
    </None>
  </ItemGroup>
</Project>
